
Microsoft Visual Studio Solution File, Format Version 12.00
# Visual Studio Version 17
VisualStudioVersion = 17.5.33414.496
MinimumVisualStudioVersion = 10.0.40219.1
Project("{FAE04EC0-301F-11D3-BF4B-00C04F79EFBC}") = "Homework2", "Homework2\Homework2.csproj", "{6B4D21B0-B82B-44E5-BF62-C9E41CC9E3F9}"
EndProject
Global
	GlobalSection(SolutionConfigurationPlatforms) = preSolution
		Debug|Any CPU = Debug|Any CPU
		Release|Any CPU = Release|Any CPU
	EndGlobalSection
	GlobalSection(ProjectConfigurationPlatforms) = postSolution
		{6B4D21B0-B82B-44E5-BF62-C9E41CC9E3F9}.Debug|Any CPU.ActiveCfg = Debug|Any CPU
		{6B4D21B0-B82B-44E5-BF62-C9E41CC9E3F9}.Debug|Any CPU.Build.0 = Debug|Any CPU
		{6B4D21B0-B82B-44E5-BF62-C9E41CC9E3F9}.Release|Any CPU.ActiveCfg = Release|Any CPU
		{6B4D21B0-B82B-44E5-BF62-C9E41CC9E3F9}.Release|Any CPU.Build.0 = Release|Any CPU
	EndGlobalSection
	GlobalSection(SolutionProperties) = preSolution
		HideSolutionNode = FALSE
	EndGlobalSection
	GlobalSection(ExtensibilityGlobals) = postSolution
		SolutionGuid = {6483F5EE-FC02-43E2-8DE7-D6EF85D924CD}
	EndGlobalSection
EndGlobal
